
Microsoft Visual Studio Solution File, Format Version 12.00
# Visual Studio 15
VisualStudioVersion = 15.0.27703.2000
MinimumVisualStudioVersion = 10.0.40219.1
Project("{8BC9CEB8-8B4A-11D0-8D11-00A0C91BC942}") = "cv1-hello_world", "cv1-hello_world\cv1-hello_world.vcxproj", "{AD188A93-46F5-4F64-A674-063D7B446598}"
EndProject
Project("{8BC9CEB8-8B4A-11D0-8D11-00A0C91BC942}") = "cv1-print_args", "cv1-print_args\cv1-print_args.vcxproj", "{EA07CCD7-BEFF-47A1-992F-21C4C677A4BA}"
EndProject
Project("{8BC9CEB8-8B4A-11D0-8D11-00A0C91BC942}") = "cv1-calc", "cv1-calc\cv1-calc.vcxproj", "{BC1BAE4B-B1E3-447A-A342-B6D3001DCD09}"
EndProject
Global
	GlobalSection(SolutionConfigurationPlatforms) = preSolution
		Debug|x64 = Debug|x64
		Debug|x86 = Debug|x86
		Release|x64 = Release|x64
		Release|x86 = Release|x86
	EndGlobalSection
	GlobalSection(ProjectConfigurationPlatforms) = postSolution
		{AD188A93-46F5-4F64-A674-063D7B446598}.Debug|x64.ActiveCfg = Debug|x64
		{AD188A93-46F5-4F64-A674-063D7B446598}.Debug|x64.Build.0 = Debug|x64
		{AD188A93-46F5-4F64-A674-063D7B446598}.Debug|x86.ActiveCfg = Debug|Win32
		{AD188A93-46F5-4F64-A674-063D7B446598}.Debug|x86.Build.0 = Debug|Win32
		{AD188A93-46F5-4F64-A674-063D7B446598}.Release|x64.ActiveCfg = Release|x64
		{AD188A93-46F5-4F64-A674-063D7B446598}.Release|x64.Build.0 = Release|x64
		{AD188A93-46F5-4F64-A674-063D7B446598}.Release|x86.ActiveCfg = Release|Win32
		{AD188A93-46F5-4F64-A674-063D7B446598}.Release|x86.Build.0 = Release|Win32
		{EA07CCD7-BEFF-47A1-992F-21C4C677A4BA}.Debug|x64.ActiveCfg = Debug|x64
		{EA07CCD7-BEFF-47A1-992F-21C4C677A4BA}.Debug|x64.Build.0 = Debug|x64
		{EA07CCD7-BEFF-47A1-992F-21C4C677A4BA}.Debug|x86.ActiveCfg = Debug|Win32
		{EA07CCD7-BEFF-47A1-992F-21C4C677A4BA}.Debug|x86.Build.0 = Debug|Win32
		{EA07CCD7-BEFF-47A1-992F-21C4C677A4BA}.Release|x64.ActiveCfg = Release|x64
		{EA07CCD7-BEFF-47A1-992F-21C4C677A4BA}.Release|x64.Build.0 = Release|x64
		{EA07CCD7-BEFF-47A1-992F-21C4C677A4BA}.Release|x86.ActiveCfg = Release|Win32
		{EA07CCD7-BEFF-47A1-992F-21C4C677A4BA}.Release|x86.Build.0 = Release|Win32
		{BC1BAE4B-B1E3-447A-A342-B6D3001DCD09}.Debug|x64.ActiveCfg = Debug|x64
		{BC1BAE4B-B1E3-447A-A342-B6D3001DCD09}.Debug|x64.Build.0 = Debug|x64
		{BC1BAE4B-B1E3-447A-A342-B6D3001DCD09}.Debug|x86.ActiveCfg = Debug|Win32
		{BC1BAE4B-B1E3-447A-A342-B6D3001DCD09}.Debug|x86.Build.0 = Debug|Win32
		{BC1BAE4B-B1E3-447A-A342-B6D3001DCD09}.Release|x64.ActiveCfg = Release|x64
		{BC1BAE4B-B1E3-447A-A342-B6D3001DCD09}.Release|x64.Build.0 = Release|x64
		{BC1BAE4B-B1E3-447A-A342-B6D3001DCD09}.Release|x86.ActiveCfg = Release|Win32
		{BC1BAE4B-B1E3-447A-A342-B6D3001DCD09}.Release|x86.Build.0 = Release|Win32
	EndGlobalSection
	GlobalSection(SolutionProperties) = preSolution
		HideSolutionNode = FALSE
	EndGlobalSection
	GlobalSection(ExtensibilityGlobals) = postSolution
		SolutionGuid = {0F639A81-511E-4B8C-827F-6B7FC27F8557}
	EndGlobalSection
EndGlobal
